# This file is automatically @generated by Cargo.
# It is not intended for manual editing.
version = 4

[[package]]
name = "monolith-cli"
version = "0.0.0"
dependencies = [
 "monolith-core",
 "monolith-protocol",
]

[[package]]
name = "monolith-core"
version = "0.0.0"
dependencies = [
 "monolith-identity",
 "monolith-protocol",
 "monolith-storage",
 "monolith-tor",
]

[[package]]
name = "monolith-desktop"
version = "0.0.0"
dependencies = [
 "monolith-core",
]

[[package]]
name = "monolith-identity"
version = "0.0.0"

[[package]]
name = "monolith-protocol"
version = "0.0.0"
dependencies = [
 "monolith-identity",
]

[[package]]
name = "monolith-storage"
version = "0.0.0"
dependencies = [
 "monolith-identity",
]

[[package]]
name = "monolith-tor"
version = "0.0.0"
dependencies = [
 "monolith-identity",
]
